PODS:
  - Bolts (1.6.0):
    - Bolts/AppLinks (= 1.6.0)
    - Bolts/Tasks (= 1.6.0)
  - Bolts/AppLinks (1.6.0):
    - Bolts/Tasks
  - Bolts/Tasks (1.6.0)
  - FBSDKCoreKit (4.10.0):
    - Bolts (~> 1.5)
  - FBSDKLoginKit (4.10.0):
    - FBSDKCoreKit
  - FBSDKShareKit (4.10.0):
    - FBSDKCoreKit
  - Firebase (2.5.1)
  - Pushbots (1.2.3)
  - SwiftChart (0.2.1)
  - UIView+Shake (1.1.5)

DEPENDENCIES:
  - FBSDKCoreKit
  - FBSDKLoginKit
  - FBSDKShareKit
  - Firebase (>= 2.5.0)
  - Pushbots (~> 1.2.3)
  - SwiftChart
  - UIView+Shake

SPEC CHECKSUMS:
  Bolts: f52a250053bb517ca874523c3913776359ab3def
  FBSDKCoreKit: 13bec8373fb3af94d44daf2aa1e0958687897fbd
  FBSDKLoginKit: d3d4a2e9d31954deb00bfea964167a05ca1ea976
  FBSDKShareKit: 54587b4624706ace1e810cf83412a918141f807a
  Firebase: 3565ea88b830f28f2c77ecc524622bc71a20d085
  Pushbots: b58e3aeafb4304257ed26e802e0057310787d9a2
  SwiftChart: b76d4607022107a46473aa29a93c867872253d68
  UIView+Shake: 2d2185006d38ee5daed07f14c0989f703f86682f

COCOAPODS: 0.39.0
