// !$*UTF8*$!
{
	archiveVersion = 1;
	classes = {
	};
	objectVersion = 46;
	objects = {

/* Begin PBXBuildFile section */
		17EA7D6924A9AB9EC037DB83 /* Pods_Tamawatchi.framework in Frameworks */ = {isa = PBXBuildFile; fileRef = 826DD53C868667DDB0B1FB27 /* Pods_Tamawatchi.framework */; };
		301A497A1C99C01700502BBA /* LoginViewController.swift in Sources */ = {isa = PBXBuildFile; fileRef = 301A49791C99C01700502BBA /* LoginViewController.swift */; };
		301A497C1C9CA1F200502BBA /* ChooseAnimalViewController.swift in Sources */ = {isa = PBXBuildFile; fileRef = 301A497B1C9CA1F200502BBA /* ChooseAnimalViewController.swift */; };
		301A497E1C9DDA0900502BBA /* Bolts.framework in Frameworks */ = {isa = PBXBuildFile; fileRef = 301A497D1C9DDA0900502BBA /* Bolts.framework */; };
		3075FBE41C98C10500676803 /* AppDelegate.swift in Sources */ = {isa = PBXBuildFile; fileRef = 3075FBE31C98C10500676803 /* AppDelegate.swift */; };
		3075FBE61C98C10500676803 /* ViewController.swift in Sources */ = {isa = PBXBuildFile; fileRef = 3075FBE51C98C10500676803 /* ViewController.swift */; };
		3075FBE91C98C10500676803 /* Main.storyboard in Resources */ = {isa = PBXBuildFile; fileRef = 3075FBE71C98C10500676803 /* Main.storyboard */; };
		3075FBEB1C98C10500676803 /* Assets.xcassets in Resources */ = {isa = PBXBuildFile; fileRef = 3075FBEA1C98C10500676803 /* Assets.xcassets */; };
		3075FBEE1C98C10500676803 /* LaunchScreen.storyboard in Resources */ = {isa = PBXBuildFile; fileRef = 3075FBEC1C98C10500676803 /* LaunchScreen.storyboard */; };
		3075FBF91C98C10500676803 /* TamawatchiTests.swift in Sources */ = {isa = PBXBuildFile; fileRef = 3075FBF81C98C10500676803 /* TamawatchiTests.swift */; };
		3075FC041C98C10500676803 /* TamawatchiUITests.swift in Sources */ = {isa = PBXBuildFile; fileRef = 3075FC031C98C10500676803 /* TamawatchiUITests.swift */; };
/* End PBXBuildFile section */

/* Begin PBXContainerItemProxy section */
		3075FBF51C98C10500676803 /* PBXContainerItemProxy */ = {
			isa = PBXContainerItemProxy;
			containerPortal = 3075FBD81C98C10500676803 /* Project object */;
			proxyType = 1;
			remoteGlobalIDString = 3075FBDF1C98C10500676803;
			remoteInfo = Tamawatchi;
		};
		3075FC001C98C10500676803 /* PBXContainerItemProxy */ = {
			isa = PBXContainerItemProxy;
			containerPortal = 3075FBD81C98C10500676803 /* Project object */;
			proxyType = 1;
			remoteGlobalIDString = 3075FBDF1C98C10500676803;
			remoteInfo = Tamawatchi;
		};
/* End PBXContainerItemProxy section */

/* Begin PBXFileReference section */
		301A49791C99C01700502BBA /* LoginViewController.swift */ = {isa = PBXFileReference; fileEncoding = 4; lastKnownFileType = sourcecode.swift; path = LoginViewController.swift; sourceTree = "<group>"; };
		301A497B1C9CA1F200502BBA /* ChooseAnimalViewController.swift */ = {isa = PBXFileReference; fileEncoding = 4; lastKnownFileType = sourcecode.swift; path = ChooseAnimalViewController.swift; sourceTree = "<group>"; };
		301A497D1C9DDA0900502BBA /* Bolts.framework */ = {isa = PBXFileReference; lastKnownFileType = wrapper.framework; name = Bolts.framework; path = "Pods/../build/Debug-iphoneos/Bolts.framework"; sourceTree = "<group>"; };
		3075FBE01C98C10500676803 /* Tamawatchi.app */ = {isa = PBXFileReference; explicitFileType = wrapper.application; includeInIndex = 0; path = Tamawatchi.app; sourceTree = BUILT_PRODUCTS_DIR; };
		3075FBE31C98C10500676803 /* AppDelegate.swift */ = {isa = PBXFileReference; lastKnownFileType = sourcecode.swift; path = AppDelegate.swift; sourceTree = "<group>"; };
		3075FBE51C98C10500676803 /* ViewController.swift */ = {isa = PBXFileReference; lastKnownFileType = sourcecode.swift; path = ViewController.swift; sourceTree = "<group>"; };
		3075FBE81C98C10500676803 /* Base */ = {isa = PBXFileReference; lastKnownFileType = file.storyboard; name = Base; path = Base.lproj/Main.storyboard; sourceTree = "<group>"; };
		3075FBEA1C98C10500676803 /* Assets.xcassets */ = {isa = PBXFileReference; lastKnownFileType = folder.assetcatalog; path = Assets.xcassets; sourceTree = "<group>"; };
		3075FBED1C98C10500676803 /* Base */ = {isa = PBXFileReference; lastKnownFileType = file.storyboard; name = Base; path = Base.lproj/LaunchScreen.storyboard; sourceTree = "<group>"; };
		3075FBEF1C98C10500676803 /* Info.plist */ = {isa = PBXFileReference; lastKnownFileType = text.plist.xml; path = Info.plist; sourceTree = "<group>"; };
		3075FBF41C98C10500676803 /* TamawatchiTests.xctest */ = {isa = PBXFileReference; explicitFileType = wrapper.cfbundle; includeInIndex = 0; path = TamawatchiTests.xctest; sourceTree = BUILT_PRODUCTS_DIR; };
		3075FBF81C98C10500676803 /* TamawatchiTests.swift */ = {isa = PBXFileReference; lastKnownFileType = sourcecode.swift; path = TamawatchiTests.swift; sourceTree = "<group>"; };
		3075FBFA1C98C10500676803 /* Info.plist */ = {isa = PBXFileReference; lastKnownFileType = text.plist.xml; path = Info.plist; sourceTree = "<group>"; };
		3075FBFF1C98C10500676803 /* TamawatchiUITests.xctest */ = {isa = PBXFileReference; explicitFileType = wrapper.cfbundle; includeInIndex = 0; path = TamawatchiUITests.xctest; sourceTree = BUILT_PRODUCTS_DIR; };
		3075FC031C98C10500676803 /* TamawatchiUITests.swift */ = {isa = PBXFileReference; lastKnownFileType = sourcecode.swift; path = TamawatchiUITests.swift; sourceTree = "<group>"; };
		3075FC051C98C10500676803 /* Info.plist */ = {isa = PBXFileReference; lastKnownFileType = text.plist.xml; path = Info.plist; sourceTree = "<group>"; };
		3075FC111C98C11800676803 /* Tamawatchi-Bridging-Header.h */ = {isa = PBXFileReference; lastKnownFileType = sourcecode.c.h; path = "Tamawatchi-Bridging-Header.h"; sourceTree = "<group>"; };
		727B175FA8FC71AAD3C176B6 /* Pods-Tamawatchi.debug.xcconfig */ = {isa = PBXFileReference; includeInIndex = 1; lastKnownFileType = text.xcconfig; name = "Pods-Tamawatchi.debug.xcconfig"; path = "Pods/Target Support Files/Pods-Tamawatchi/Pods-Tamawatchi.debug.xcconfig"; sourceTree = "<group>"; };
		826DD53C868667DDB0B1FB27 /* Pods_Tamawatchi.framework */ = {isa = PBXFileReference; explicitFileType = wrapper.framework; includeInIndex = 0; path = Pods_Tamawatchi.framework; sourceTree = BUILT_PRODUCTS_DIR; };
		D089A05604B69EA0BDEDA9E2 /* Pods-Tamawatchi.release.xcconfig */ = {isa = PBXFileReference; includeInIndex = 1; lastKnownFileType = text.xcconfig; name = "Pods-Tamawatchi.release.xcconfig"; path = "Pods/Target Support Files/Pods-Tamawatchi/Pods-Tamawatchi.release.xcconfig"; sourceTree = "<group>"; };
/* End PBXFileReference section */

/* Begin PBXFrameworksBuildPhase section */
		3075FBDD1C98C10500676803 /* Frameworks */ = {
			isa = PBXFrameworksBuildPhase;
			buildActionMask = 2147483647;
			files = (
				301A497E1C9DDA0900502BBA /* Bolts.framework in Frameworks */,
				17EA7D6924A9AB9EC037DB83 /* Pods_Tamawatchi.framework in Frameworks */,
			);
			runOnlyForDeploymentPostprocessing = 0;
		};
		3075FBF11C98C10500676803 /* Frameworks */ = {
			isa = PBXFrameworksBuildPhase;
			buildActionMask = 2147483647;
			files = (
			);
			runOnlyForDeploymentPostprocessing = 0;
		};
		3075FBFC1C98C10500676803 /* Frameworks */ = {
			isa = PBXFrameworksBuildPhase;
			buildActionMask = 2147483647;
			files = (
			);
			runOnlyForDeploymentPostprocessing = 0;
		};
/* End PBXFrameworksBuildPhase section */

/* Begin PBXGroup section */
		3075FBD71C98C10500676803 = {
			isa = PBXGroup;
			children = (
				3075FBE21C98C10500676803 /* Tamawatchi */,
				3075FBF71C98C10500676803 /* TamawatchiTests */,
				3075FC021C98C10500676803 /* TamawatchiUITests */,
				3075FBE11C98C10500676803 /* Products */,
				D0803C550487AD1372B5F88E /* Pods */,
				B64C794C339984EC968894B1 /* Frameworks */,
			);
			sourceTree = "<group>";
		};
		3075FBE11C98C10500676803 /* Products */ = {
			isa = PBXGroup;
			children = (
				3075FBE01C98C10500676803 /* Tamawatchi.app */,
				3075FBF41C98C10500676803 /* TamawatchiTests.xctest */,
				3075FBFF1C98C10500676803 /* TamawatchiUITests.xctest */,
			);
			name = Products;
			sourceTree = "<group>";
		};
		3075FBE21C98C10500676803 /* Tamawatchi */ = {
			isa = PBXGroup;
			children = (
				3075FBE31C98C10500676803 /* AppDelegate.swift */,
				3075FBE51C98C10500676803 /* ViewController.swift */,
				3075FBE71C98C10500676803 /* Main.storyboard */,
				3075FBEA1C98C10500676803 /* Assets.xcassets */,
				3075FBEC1C98C10500676803 /* LaunchScreen.storyboard */,
				3075FBEF1C98C10500676803 /* Info.plist */,
				3075FC111C98C11800676803 /* Tamawatchi-Bridging-Header.h */,
				301A49791C99C01700502BBA /* LoginViewController.swift */,
				301A497B1C9CA1F200502BBA /* ChooseAnimalViewController.swift */,
			);
			path = Tamawatchi;
			sourceTree = "<group>";
		};
		3075FBF71C98C10500676803 /* TamawatchiTests */ = {
			isa = PBXGroup;
			children = (
				3075FBF81C98C10500676803 /* TamawatchiTests.swift */,
				3075FBFA1C98C10500676803 /* Info.plist */,
			);
			path = TamawatchiTests;
			sourceTree = "<group>";
		};
		3075FC021C98C10500676803 /* TamawatchiUITests */ = {
			isa = PBXGroup;
			children = (
				3075FC031C98C10500676803 /* TamawatchiUITests.swift */,
				3075FC051C98C10500676803 /* Info.plist */,
			);
			path = TamawatchiUITests;
			sourceTree = "<group>";
		};
		B64C794C339984EC968894B1 /* Frameworks */ = {
			isa = PBXGroup;
			children = (
				301A497D1C9DDA0900502BBA /* Bolts.framework */,
				826DD53C868667DDB0B1FB27 /* Pods_Tamawatchi.framework */,
			);
			name = Frameworks;
			sourceTree = "<group>";
		};
		D0803C550487AD1372B5F88E /* Pods */ = {
			isa = PBXGroup;
			children = (
				727B175FA8FC71AAD3C176B6 /* Pods-Tamawatchi.debug.xcconfig */,
				D089A05604B69EA0BDEDA9E2 /* Pods-Tamawatchi.release.xcconfig */,
			);
			name = Pods;
			sourceTree = "<group>";
		};
/* End PBXGroup section */

/* Begin PBXNativeTarget section */
		3075FBDF1C98C10500676803 /* Tamawatchi */ = {
			isa = PBXNativeTarget;
			buildConfigurationList = 3075FC081C98C10500676803 /* Build configuration list for PBXNativeTarget "Tamawatchi" */;
			buildPhases = (
				79688ECD752B3C2DCA7B501C /* Check Pods Manifest.lock */,
				3075FBDC1C98C10500676803 /* Sources */,
				3075FBDD1C98C10500676803 /* Frameworks */,
				3075FBDE1C98C10500676803 /* Resources */,
				138F6FD9331A4BA4B2D0F8DA /* Embed Pods Frameworks */,
				963F46C082D029747E59BDE8 /* Copy Pods Resources */,
			);
			buildRules = (
			);
			dependencies = (
			);
			name = Tamawatchi;
			productName = Tamawatchi;
			productReference = 3075FBE01C98C10500676803 /* Tamawatchi.app */;
			productType = "com.apple.product-type.application";
		};
		3075FBF31C98C10500676803 /* TamawatchiTests */ = {
			isa = PBXNativeTarget;
			buildConfigurationList = 3075FC0B1C98C10500676803 /* Build configuration list for PBXNativeTarget "TamawatchiTests" */;
			buildPhases = (
				3075FBF01C98C10500676803 /* Sources */,
				3075FBF11C98C10500676803 /* Frameworks */,
				3075FBF21C98C10500676803 /* Resources */,
			);
			buildRules = (
			);
			dependencies = (
				3075FBF61C98C10500676803 /* PBXTargetDependency */,
			);
			name = TamawatchiTests;
			productName = TamawatchiTests;
			productReference = 3075FBF41C98C10500676803 /* TamawatchiTests.xctest */;
			productType = "com.apple.product-type.bundle.unit-test";
		};
		3075FBFE1C98C10500676803 /* TamawatchiUITests */ = {
			isa = PBXNativeTarget;
			buildConfigurationList = 3075FC0E1C98C10500676803 /* Build configuration list for PBXNativeTarget "TamawatchiUITests" */;
			buildPhases = (
				3075FBFB1C98C10500676803 /* Sources */,
				3075FBFC1C98C10500676803 /* Frameworks */,
				3075FBFD1C98C10500676803 /* Resources */,
			);
			buildRules = (
			);
			dependencies = (
				3075FC011C98C10500676803 /* PBXTargetDependency */,
			);
			name = TamawatchiUITests;
			productName = TamawatchiUITests;
			productReference = 3075FBFF1C98C10500676803 /* TamawatchiUITests.xctest */;
			productType = "com.apple.product-type.bundle.ui-testing";
		};
/* End PBXNativeTarget section */

/* Begin PBXProject section */
		3075FBD81C98C10500676803 /* Project object */ = {
			isa = PBXProject;
			attributes = {
				LastSwiftUpdateCheck = 0720;
				LastUpgradeCheck = 0720;
				ORGANIZATIONNAME = antelopeForest;
				TargetAttributes = {
					3075FBDF1C98C10500676803 = {
						CreatedOnToolsVersion = 7.2;
						DevelopmentTeam = FU2AQ62GD5;
						SystemCapabilities = {
							com.apple.Push = {
								enabled = 1;
							};
						};
					};
					3075FBF31C98C10500676803 = {
						CreatedOnToolsVersion = 7.2;
						TestTargetID = 3075FBDF1C98C10500676803;
					};
					3075FBFE1C98C10500676803 = {
						CreatedOnToolsVersion = 7.2;
						TestTargetID = 3075FBDF1C98C10500676803;
					};
				};
			};
			buildConfigurationList = 3075FBDB1C98C10500676803 /* Build configuration list for PBXProject "Tamawatchi" */;
			compatibilityVersion = "Xcode 3.2";
			developmentRegion = English;
			hasScannedForEncodings = 0;
			knownRegions = (
				en,
				Base,
			);
			mainGroup = 3075FBD71C98C10500676803;
			productRefGroup = 3075FBE11C98C10500676803 /* Products */;
			projectDirPath = "";
			projectRoot = "";
			targets = (
				3075FBDF1C98C10500676803 /* Tamawatchi */,
				3075FBF31C98C10500676803 /* TamawatchiTests */,
				3075FBFE1C98C10500676803 /* TamawatchiUITests */,
			);
		};
/* End PBXProject section */

/* Begin PBXResourcesBuildPhase section */
		3075FBDE1C98C10500676803 /* Resources */ = {
			isa = PBXResourcesBuildPhase;
			buildActionMask = 2147483647;
			files = (
				3075FBEE1C98C10500676803 /* LaunchScreen.storyboard in Resources */,
				3075FBEB1C98C10500676803 /* Assets.xcassets in Resources */,
				3075FBE91C98C10500676803 /* Main.storyboard in Resources */,
			);
			runOnlyForDeploymentPostprocessing = 0;
		};
		3075FBF21C98C10500676803 /* Resources */ = {
			isa = PBXResourcesBuildPhase;
			buildActionMask = 2147483647;
			files = (
			);
			runOnlyForDeploymentPostprocessing = 0;
		};
		3075FBFD1C98C10500676803 /* Resources */ = {
			isa = PBXResourcesBuildPhase;
			buildActionMask = 2147483647;
			files = (
			);
			runOnlyForDeploymentPostprocessing = 0;
		};
/* End PBXResourcesBuildPhase section */

/* Begin PBXShellScriptBuildPhase section */
		138F6FD9331A4BA4B2D0F8DA /* Embed Pods Frameworks */ = {
			isa = PBXShellScriptBuildPhase;
			buildActionMask = 2147483647;
			files = (
			);
			inputPaths = (
			);
			name = "Embed Pods Frameworks";
			outputPaths = (
			);
			runOnlyForDeploymentPostprocessing = 0;
			shellPath = /bin/sh;
			shellScript = "\"${SRCROOT}/Pods/Target Support Files/Pods-Tamawatchi/Pods-Tamawatchi-frameworks.sh\"\n";
			showEnvVarsInLog = 0;
		};
		79688ECD752B3C2DCA7B501C /* Check Pods Manifest.lock */ = {
			isa = PBXShellScriptBuildPhase;
			buildActionMask = 2147483647;
			files = (
			);
			inputPaths = (
			);
			name = "Check Pods Manifest.lock";
			outputPaths = (
			);
			runOnlyForDeploymentPostprocessing = 0;
			shellPath = /bin/sh;
			shellScript = "diff \"${PODS_ROOT}/../Podfile.lock\" \"${PODS_ROOT}/Manifest.lock\" > /dev/null\nif [[ $? != 0 ]] ; then\n    cat << EOM\nerror: The sandbox is not in sync with the Podfile.lock. Run 'pod install' or update your CocoaPods installation.\nEOM\n    exit 1\nfi\n";
			showEnvVarsInLog = 0;
		};
		963F46C082D029747E59BDE8 /* Copy Pods Resources */ = {
			isa = PBXShellScriptBuildPhase;
			buildActionMask = 2147483647;
			files = (
			);
			inputPaths = (
			);
			name = "Copy Pods Resources";
			outputPaths = (
			);
			runOnlyForDeploymentPostprocessing = 0;
			shellPath = /bin/sh;
			shellScript = "\"${SRCROOT}/Pods/Target Support Files/Pods-Tamawatchi/Pods-Tamawatchi-resources.sh\"\n";
			showEnvVarsInLog = 0;
		};
/* End PBXShellScriptBuildPhase section */

/* Begin PBXSourcesBuildPhase section */
		3075FBDC1C98C10500676803 /* Sources */ = {
			isa = PBXSourcesBuildPhase;
			buildActionMask = 2147483647;
			files = (
				301A497A1C99C01700502BBA /* LoginViewController.swift in Sources */,
				301A497C1C9CA1F200502BBA /* ChooseAnimalViewController.swift in Sources */,
				3075FBE61C98C10500676803 /* ViewController.swift in Sources */,
				3075FBE41C98C10500676803 /* AppDelegate.swift in Sources */,
			);
			runOnlyForDeploymentPostprocessing = 0;
		};
		3075FBF01C98C10500676803 /* Sources */ = {
			isa = PBXSourcesBuildPhase;
			buildActionMask = 2147483647;
			files = (
				3075FBF91C98C10500676803 /* TamawatchiTests.swift in Sources */,
			);
			runOnlyForDeploymentPostprocessing = 0;
		};
		3075FBFB1C98C10500676803 /* Sources */ = {
			isa = PBXSourcesBuildPhase;
			buildActionMask = 2147483647;
			files = (
				3075FC041C98C10500676803 /* TamawatchiUITests.swift in Sources */,
			);
			runOnlyForDeploymentPostprocessing = 0;
		};
/* End PBXSourcesBuildPhase section */

/* Begin PBXTargetDependency section */
		3075FBF61C98C10500676803 /* PBXTargetDependency */ = {
			isa = PBXTargetDependency;
			target = 3075FBDF1C98C10500676803 /* Tamawatchi */;
			targetProxy = 3075FBF51C98C10500676803 /* PBXContainerItemProxy */;
		};
		3075FC011C98C10500676803 /* PBXTargetDependency */ = {
			isa = PBXTargetDependency;
			target = 3075FBDF1C98C10500676803 /* Tamawatchi */;
			targetProxy = 3075FC001C98C10500676803 /* PBXContainerItemProxy */;
		};
/* End PBXTargetDependency section */

/* Begin PBXVariantGroup section */
		3075FBE71C98C10500676803 /* Main.storyboard */ = {
			isa = PBXVariantGroup;
			children = (
				3075FBE81C98C10500676803 /* Base */,
			);
			name = Main.storyboard;
			sourceTree = "<group>";
		};
		3075FBEC1C98C10500676803 /* LaunchScreen.storyboard */ = {
			isa = PBXVariantGroup;
			children = (
				3075FBED1C98C10500676803 /* Base */,
			);
			name = LaunchScreen.storyboard;
			sourceTree = "<group>";
		};
/* End PBXVariantGroup section */

/* Begin XCBuildConfiguration section */
		3075FC061C98C10500676803 /* Debug */ = {
			isa = XCBuildConfiguration;
			buildSettings = {
				ALWAYS_SEARCH_USER_PATHS = NO;
				CLANG_CXX_LANGUAGE_STANDARD = "gnu++0x";
				CLANG_CXX_LIBRARY = "libc++";
				CLANG_ENABLE_MODULES = YES;
				CLANG_ENABLE_OBJC_ARC = YES;
				CLANG_WARN_BOOL_CONVERSION = YES;
				CLANG_WARN_CONSTANT_CONVERSION = YES;
				CLANG_WARN_DIRECT_OBJC_ISA_USAGE = YES_ERROR;
				CLANG_WARN_EMPTY_BODY = YES;
				CLANG_WARN_ENUM_CONVERSION = YES;
				CLANG_WARN_INT_CONVERSION = YES;
				CLANG_WARN_OBJC_ROOT_CLASS = YES_ERROR;
				CLANG_WARN_UNREACHABLE_CODE = YES;
				CLANG_WARN__DUPLICATE_METHOD_MATCH = YES;
				"CODE_SIGN_IDENTITY[sdk=iphoneos*]" = "iPhone Developer";
				COPY_PHASE_STRIP = NO;
				DEBUG_INFORMATION_FORMAT = dwarf;
				ENABLE_STRICT_OBJC_MSGSEND = YES;
				ENABLE_TESTABILITY = YES;
				GCC_C_LANGUAGE_STANDARD = gnu99;
				GCC_DYNAMIC_NO_PIC = NO;
				GCC_NO_COMMON_BLOCKS = YES;
				GCC_OPTIMIZATION_LEVEL = 0;
				GCC_PREPROCESSOR_DEFINITIONS = (
					"DEBUG=1",
					"$(inherited)",
				);
				GCC_WARN_64_TO_32_BIT_CONVERSION = YES;
				GCC_WARN_ABOUT_RETURN_TYPE = YES_ERROR;
				GCC_WARN_UNDECLARED_SELECTOR = YES;
				GCC_WARN_UNINITIALIZED_AUTOS = YES_AGGRESSIVE;
				GCC_WARN_UNUSED_FUNCTION = YES;
				GCC_WARN_UNUSED_VARIABLE = YES;
				IPHONEOS_DEPLOYMENT_TARGET = 9.2;
				MTL_ENABLE_DEBUG_INFO = YES;
				ONLY_ACTIVE_ARCH = YES;
				SDKROOT = iphoneos;
				SWIFT_OPTIMIZATION_LEVEL = "-Onone";
				TARGETED_DEVICE_FAMILY = "1,2";
			};
			name = Debug;
		};
		3075FC071C98C10500676803 /* Release */ = {
			isa = XCBuildConfiguration;
			buildSettings = {
				ALWAYS_SEARCH_USER_PATHS = NO;
				CLANG_CXX_LANGUAGE_STANDARD = "gnu++0x";
				CLANG_CXX_LIBRARY = "libc++";
				CLANG_ENABLE_MODULES = YES;
				CLANG_ENABLE_OBJC_ARC = YES;
				CLANG_WARN_BOOL_CONVERSION = YES;
				CLANG_WARN_CONSTANT_CONVERSION = YES;
				CLANG_WARN_DIRECT_OBJC_ISA_USAGE = YES_ERROR;
				CLANG_WARN_EMPTY_BODY = YES;
				CLANG_WARN_ENUM_CONVERSION = YES;
				CLANG_WARN_INT_CONVERSION = YES;
				CLANG_WARN_OBJC_ROOT_CLASS = YES_ERROR;
				CLANG_WARN_UNREACHABLE_CODE = YES;
				CLANG_WARN__DUPLICATE_METHOD_MATCH = YES;
				"CODE_SIGN_IDENTITY[sdk=iphoneos*]" = "iPhone Developer";
				COPY_PHASE_STRIP = NO;
				DEBUG_INFORMATION_FORMAT = "dwarf-with-dsym";
				ENABLE_NS_ASSERTIONS = NO;
				ENABLE_STRICT_OBJC_MSGSEND = YES;
				GCC_C_LANGUAGE_STANDARD = gnu99;
				GCC_NO_COMMON_BLOCKS = YES;
				GCC_WARN_64_TO_32_BIT_CONVERSION = YES;
				GCC_WARN_ABOUT_RETURN_TYPE = YES_ERROR;
				GCC_WARN_UNDECLARED_SELECTOR = YES;
				GCC_WARN_UNINITIALIZED_AUTOS = YES_AGGRESSIVE;
				GCC_WARN_UNUSED_FUNCTION = YES;
				GCC_WARN_UNUSED_VARIABLE = YES;
				IPHONEOS_DEPLOYMENT_TARGET = 9.2;
				MTL_ENABLE_DEBUG_INFO = NO;
				SDKROOT = iphoneos;
				TARGETED_DEVICE_FAMILY = "1,2";
				VALIDATE_PRODUCT = YES;
			};
			name = Release;
		};
		3075FC091C98C10500676803 /* Debug */ = {
			isa = XCBuildConfiguration;
			baseConfigurationReference = 727B175FA8FC71AAD3C176B6 /* Pods-Tamawatchi.debug.xcconfig */;
			buildSettings = {
				ASSETCATALOG_COMPILER_APPICON_NAME = AppIcon;
				CLANG_ENABLE_MODULES = YES;
				CODE_SIGN_IDENTITY = "iPhone Developer";
				"CODE_SIGN_IDENTITY[sdk=iphoneos*]" = "iPhone Developer";
				FRAMEWORK_SEARCH_PATHS = (
					"$(inherited)",
					"$(PROJECT_DIR)/build/Debug-iphoneos",
				);
				INFOPLIST_FILE = Tamawatchi/Info.plist;
				LD_RUNPATH_SEARCH_PATHS = "$(inherited) @executable_path/Frameworks";
				PRODUCT_BUNDLE_IDENTIFIER = com.antelopeforest.tamawatchi;
				PRODUCT_NAME = "$(TARGET_NAME)";
				PROVISIONING_PROFILE = "";
				SWIFT_OBJC_BRIDGING_HEADER = "Tamawatchi/Tamawatchi-Bridging-Header.h";
				SWIFT_OPTIMIZATION_LEVEL = "-Onone";
				TARGETED_DEVICE_FAMILY = 1;
			};
			name = Debug;
		};
		3075FC0A1C98C10500676803 /* Release */ = {
			isa = XCBuildConfiguration;
			baseConfigurationReference = D089A05604B69EA0BDEDA9E2 /* Pods-Tamawatchi.release.xcconfig */;
			buildSettings = {
				ASSETCATALOG_COMPILER_APPICON_NAME = AppIcon;
				CLANG_ENABLE_MODULES = YES;
				CODE_SIGN_IDENTITY = "iPhone Developer";
				"CODE_SIGN_IDENTITY[sdk=iphoneos*]" = "iPhone Developer";
				FRAMEWORK_SEARCH_PATHS = (
					"$(inherited)",
					"$(PROJECT_DIR)/build/Debug-iphoneos",
				);
				INFOPLIST_FILE = Tamawatchi/Info.plist;
				LD_RUNPATH_SEARCH_PATHS = "$(inherited) @executable_path/Frameworks";
				PRODUCT_BUNDLE_IDENTIFIER = com.antelopeforest.tamawatchi;
				PRODUCT_NAME = "$(TARGET_NAME)";
				PROVISIONING_PROFILE = "";
				SWIFT_OBJC_BRIDGING_HEADER = "Tamawatchi/Tamawatchi-Bridging-Header.h";
				TARGETED_DEVICE_FAMILY = 1;
			};
			name = Release;
		};
		3075FC0C1C98C10500676803 /* Debug */ = {
			isa = XCBuildConfiguration;
			buildSettings = {
				BUNDLE_LOADER = "$(TEST_HOST)";
				INFOPLIST_FILE = TamawatchiTests/Info.plist;
				LD_RUNPATH_SEARCH_PATHS = "$(inherited) @executable_path/Frameworks @loader_path/Frameworks";
				PRODUCT_BUNDLE_IDENTIFIER = antelopeForest.TamawatchiTests;
				PRODUCT_NAME = "$(TARGET_NAME)";
				TEST_HOST = "$(BUILT_PRODUCTS_DIR)/Tamawatchi.app/Tamawatchi";
			};
			name = Debug;
		};
		3075FC0D1C98C10500676803 /* Release */ = {
			isa = XCBuildConfiguration;
			buildSettings = {
				BUNDLE_LOADER = "$(TEST_HOST)";
				INFOPLIST_FILE = TamawatchiTests/Info.plist;
				LD_RUNPATH_SEARCH_PATHS = "$(inherited) @executable_path/Frameworks @loader_path/Frameworks";
				PRODUCT_BUNDLE_IDENTIFIER = antelopeForest.TamawatchiTests;
				PRODUCT_NAME = "$(TARGET_NAME)";
				TEST_HOST = "$(BUILT_PRODUCTS_DIR)/Tamawatchi.app/Tamawatchi";
			};
			name = Release;
		};
		3075FC0F1C98C10500676803 /* Debug */ = {
			isa = XCBuildConfiguration;
			buildSettings = {
				INFOPLIST_FILE = TamawatchiUITests/Info.plist;
				LD_RUNPATH_SEARCH_PATHS = "$(inherited) @executable_path/Frameworks @loader_path/Frameworks";
				PRODUCT_BUNDLE_IDENTIFIER = antelopeForest.TamawatchiUITests;
				PRODUCT_NAME = "$(TARGET_NAME)";
				TEST_TARGET_NAME = Tamawatchi;
				USES_XCTRUNNER = YES;
			};
			name = Debug;
		};
		3075FC101C98C10500676803 /* Release */ = {
			isa = XCBuildConfiguration;
			buildSettings = {
				INFOPLIST_FILE = TamawatchiUITests/Info.plist;
				LD_RUNPATH_SEARCH_PATHS = "$(inherited) @executable_path/Frameworks @loader_path/Frameworks";
				PRODUCT_BUNDLE_IDENTIFIER = antelopeForest.TamawatchiUITests;
				PRODUCT_NAME = "$(TARGET_NAME)";
				TEST_TARGET_NAME = Tamawatchi;
				USES_XCTRUNNER = YES;
			};
			name = Release;
		};
/* End XCBuildConfiguration section */

/* Begin XCConfigurationList section */
		3075FBDB1C98C10500676803 /* Build configuration list for PBXProject "Tamawatchi" */ = {
			isa = XCConfigurationList;
			buildConfigurations = (
				3075FC061C98C10500676803 /* Debug */,
				3075FC071C98C10500676803 /* Release */,
			);
			defaultConfigurationIsVisible = 0;
			defaultConfigurationName = Release;
		};
		3075FC081C98C10500676803 /* Build configuration list for PBXNativeTarget "Tamawatchi" */ = {
			isa = XCConfigurationList;
			buildConfigurations = (
				3075FC091C98C10500676803 /* Debug */,
				3075FC0A1C98C10500676803 /* Release */,
			);
			defaultConfigurationIsVisible = 0;
			defaultConfigurationName = Release;
		};
		3075FC0B1C98C10500676803 /* Build configuration list for PBXNativeTarget "TamawatchiTests" */ = {
			isa = XCConfigurationList;
			buildConfigurations = (
				3075FC0C1C98C10500676803 /* Debug */,
				3075FC0D1C98C10500676803 /* Release */,
			);
			defaultConfigurationIsVisible = 0;
			defaultConfigurationName = Release;
		};
		3075FC0E1C98C10500676803 /* Build configuration list for PBXNativeTarget "TamawatchiUITests" */ = {
			isa = XCConfigurationList;
			buildConfigurations = (
				3075FC0F1C98C10500676803 /* Debug */,
				3075FC101C98C10500676803 /* Release */,
			);
			defaultConfigurationIsVisible = 0;
			defaultConfigurationName = Release;
		};
/* End XCConfigurationList section */
	};
	rootObject = 3075FBD81C98C10500676803 /* Project object */;
}
